# Generated by buf. DO NOT EDIT.
version: v1
deps:
  - remote: buf.build
    owner: test-owner
    repository: test-repository
    commit: 6e230f46113f498392c82d12b1a07b70
  - remote: buf.build
    owner: test-owner
    repository: another-test-repository
    commit: 84c3cad756d2435982d9e3b72680fa96
