buf.build/gen/go/bufbuild/protovalidate/protocolbuffers/go v1.32.0-20231115204500-e097f827e652.1 h1:u0olL4yf2p7Tl5jfsAK5keaFi+JFJuv1CDHrbiXkxkk=
buf.build/gen/go/bufbuild/protovalidate/protocolbuffers/go v1.32.0-20231115204500-e097f827e652.1/go.mod h1:tiTMKD8j6Pd/D2WzREoweufjzaJKHZg35f/VGcZ2v3I=
connectrpc.com/connect v1.14.0 h1:PDS+J7uoz5Oui2VEOMcfz6Qft7opQM9hPiKvtGC01pA=
connectrpc.com/connect v1.14.0/go.mod h1:uoAq5bmhhn43TwhaKdGKN/bZcGtzPW1v+ngDTn5u+8s=
connectrpc.com/otelconnect v0.7.0 h1:ZH55ZZtcJOTKWWLy3qmL4Pam4RzRWBJFOqTPyAqCXkY=
connectrpc.com/otelconnect v0.7.0/go.mod h1:Bt2ivBymHZHqxvo4HkJ0EwHuUzQN6k2l0oH+mp/8nwc=
github.com/Azure/go-ansiterm v0.0.0-20230124172434-306776ec8161 h1:L/gRVlceqvL25UVaW/CKtUDjefjrs0SPonmDGUVOYP0=
github.com/Azure/go-ansiterm v0.0.0-20230124172434-306776ec8161/go.mod h1:xomTg63KZ2rFqZQzSB4Vz2SUXa1BpHTVz9L5PTmPC4E=
github.com/Microsoft/go-winio v0.6.1 h1:9/kr64B9VUZrLm5YYwbGtUJnMgqWVOdUAXu6Migciow=
github.com/Microsoft/go-winio v0.6.1/go.mod h1:LRdKpFKfdobln8UmuiYcKPot9D2v6svN5+sAH+4kjUM=
github.com/antlr4-go/antlr/v4 v4.13.0 h1:lxCg3LAv+EUK6t1i0y1V6/SLeUi0eKEKdhQAlS8TVTI=
github.com/antlr4-go/antlr/v4 v4.13.0/go.mod h1:pfChB/xh/Unjila75QW7+VU4TSnWnnk9UTnmpPaOR2g=
github.com/bufbuild/protocompile v0.8.0 h1:9Kp1q6OkS9L4nM3FYbr8vlJnEwtbpDPQlQOVXfR+78s=
github.com/bufbuild/protocompile v0.8.0/go.mod h1:+Etjg4guZoAqzVk2czwEQP12yaxLJ8DxuqCJ9qHdH94=
github.com/bufbuild/protovalidate-go v0.5.1 h1:pUUNnrxkUpt2yEX0gMiPTibTTFpGmzQkYxYLbL3lDVg=
github.com/bufbuild/protovalidate-go v0.5.1/go.mod h1:3XAwFeJ2x9sXyPLgkxufH9sts1tQRk8fdt1AW93NiUU=
github.com/bufbuild/protoyaml-go v0.1.8 h1:X9QDLfl9uEllh4gsXUGqPanZYCOKzd92uniRtW2OnAQ=
github.com/bufbuild/protoyaml-go v0.1.8/go.mod h1:R8vE2+l49bSiIExP4VJpxOXleHE+FDzZ6HVxr3cYunw=
github.com/cenkalti/backoff/v4 v4.2.1 h1:y4OZtCnogmCPw98Zjyt5a6+QwPLGkiQsYW5oUqylYbM=
github.com/chzyer/logex v1.1.10/go.mod h1:+Ywpsq7O8HXn0nuIou7OrIPyXbp3wmkHB+jjWRnGsAI=
github.com/chzyer/readline v0.0.0-20180603132655-2972be24d48e/go.mod h1:nSuG5e5PlCu98SY8svDHJxuZscDgtXS6KTTbou5AhLI=
github.com/chzyer/test v0.0.0-20180213035817-a1ea475d72b1/go.mod h1:Q3SI9o4m/ZMnBNeIyt5eFwwo7qiLfzFZmjNmxjkiQlU=
github.com/containerd/log v0.1.0 h1:TCJt7ioM2cr/tfR8GPbGf9/VRAX8D2B4PjzCpfX540I=
github.com/containerd/log v0.1.0/go.mod h1:VRRf09a7mHDIRezVKTRCrOq78v577GXq3bSa3EhrzVo=
github.com/containerd/stargz-snapshotter/estargz v0.15.1 h1:eXJjw9RbkLFgioVaTG+G/ZW/0kEe2oEKCdS/ZxIyoCU=
github.com/containerd/stargz-snapshotter/estargz v0.15.1/go.mod h1:gr2RNwukQ/S9Nv33Lt6UC7xEx58C+LHRdoqbEKjz1Kk=
github.com/cpuguy83/go-md2man/v2 v2.0.3 h1:qMCsGGgs+MAzDFyp9LpAe1Lqy/fY/qCovCm0qnXZOBM=
github.com/cpuguy83/go-md2man/v2 v2.0.3/go.mod h1:tgQtvFlXSQOSOSIRvRPT7W67SCa46tRHOmNcaadrF8o=
github.com/creack/pty v1.1.18 h1:n56/Zwd5o6whRC5PMGretI4IdRLlmBXYNjScPaBgsbY=
github.com/davecgh/go-spew v1.1.0/go.mod h1:J7Y8YcW2NihsgmVo/mv3lAwl/skON4iLHjSsI+c5H38=
github.com/davecgh/go-spew v1.1.1 h1:vj9j/u1bqnvCEfJOwUhtlOARqs3+rkHYY13jYWTU97c=
github.com/davecgh/go-spew v1.1.1/go.mod h1:J7Y8YcW2NihsgmVo/mv3lAwl/skON4iLHjSsI+c5H38=
github.com/distribution/reference v0.5.0 h1:/FUIFXtfc/x2gpa5/VGfiGLuOIdYa1t65IKK2OFGvA0=
github.com/distribution/reference v0.5.0/go.mod h1:BbU0aIcezP1/5jX/8MP0YiH4SdvB5Y4f/wlDRiLyi3E=
github.com/docker/cli v25.0.3+incompatible h1:KLeNs7zws74oFuVhgZQ5ONGZiXUUdgsdy6/EsX/6284=
github.com/docker/cli v25.0.3+incompatible/go.mod h1:JLrzqnKDaYBop7H2jaqPtU4hHvMKP+vjCwu2uszcLI8=
github.com/docker/distribution v2.8.3+incompatible h1:AtKxIZ36LoNK51+Z6RpzLpddBirtxJnzDrHLEKxTAYk=
github.com/docker/distribution v2.8.3+incompatible/go.mod h1:J2gT2udsDAN96Uj4KfcMRqY0/ypR+oyYUYmja8H+y+w=
github.com/docker/docker v25.0.3+incompatible h1:D5fy/lYmY7bvZa0XTZ5/UJPljor41F+vdyJG5luQLfQ=
github.com/docker/docker v25.0.3+incompatible/go.mod h1:eEKB0N0r5NX/I1kEveEz05bcu8tLC/8azJZsviup8Sk=
github.com/docker/docker-credential-helpers v0.8.1 h1:j/eKUktUltBtMzKqmfLB0PAgqYyMHOp5vfsD1807oKo=
github.com/docker/docker-credential-helpers v0.8.1/go.mod h1:P3ci7E3lwkZg6XiHdRKft1KckHiO9a2rNtyFbZ/ry9M=
github.com/docker/go-connections v0.5.0 h1:USnMq7hx7gwdVZq1L49hLXaFtUdTADjXGp+uj1Br63c=
github.com/docker/go-connections v0.5.0/go.mod h1:ov60Kzw0kKElRwhNs9UlUHAE/F9Fe6GLaXnqyDdmEXc=
github.com/docker/go-units v0.5.0 h1:69rxXcBk27SvSaaxTtLh/8llcHD8vYHT7WSdRZ/jvr4=
github.com/docker/go-units v0.5.0/go.mod h1:fgPhTUdO+D/Jk86RDLlptpiXQzgHJF7gydDDbaIK4Dk=
github.com/envoyproxy/protoc-gen-validate v1.0.4 h1:gVPz/FMfvh57HdSJQyvBtF00j8JU4zdyUgIUNhlgg0A=
github.com/felixge/fgprof v0.9.3 h1:VvyZxILNuCiUCSXtPtYmmtGvb65nqXh2QFWc0Wpf2/g=
github.com/felixge/fgprof v0.9.3/go.mod h1:RdbpDgzqYVh/T9fPELJyV7EYJuHB55UTEULNun8eiPw=
github.com/felixge/httpsnoop v1.0.4 h1:NFTV2Zj1bL4mc9sqWACXbQFVBBg2W3GPvqp8/ESS2Wg=
github.com/felixge/httpsnoop v1.0.4/go.mod h1:m8KPJKqk1gH5J9DgRY2ASl2lWCfGKXixSwevea8zH2U=
github.com/go-chi/chi/v5 v5.0.11 h1:BnpYbFZ3T3S1WMpD79r7R5ThWX40TaFB7L31Y8xqSwA=
github.com/go-chi/chi/v5 v5.0.11/go.mod h1:DslCQbL2OYiznFReuXYUmQ2hGd1aDpCnlMNITLSKoi8=
github.com/go-logr/logr v1.2.2/go.mod h1:jdQByPbusPIv2/zmleS9BjJVeZ6kBagPoEUsqbVz/1A=
github.com/go-logr/logr v1.4.1 h1:pKouT5E8xu9zeFC39JXRDukb6JFQPXM5p5I91188VAQ=
github.com/go-logr/logr v1.4.1/go.mod h1:9T104GzyrTigFIr8wt5mBrctHMim0Nb2HLGrmQ40KvY=
github.com/go-logr/stdr v1.2.2 h1:hSWxHoqTgW2S2qGc0LTAI563KZ5YKYRhT3MFKZMbjag=
github.com/go-logr/stdr v1.2.2/go.mod h1:mMo/vtBO5dYbehREoey6XUKy/eSumjCCveDpRre4VKE=
github.com/gofrs/flock v0.8.1 h1:+gYjHKf32LDeiEEFhQaotPbLuUXjY5ZqxKgXy7n59aw=
github.com/gofrs/flock v0.8.1/go.mod h1:F1TvTiK9OcQqauNUHlbJvyl9Qa1QvF/gOUDKA14jxHU=
github.com/gofrs/uuid/v5 v5.0.0 h1:p544++a97kEL+svbcFbCQVM9KFu0Yo25UoISXGNNH9M=
github.com/gofrs/uuid/v5 v5.0.0/go.mod h1:CDOjlDMVAtN56jqyRUZh58JT31Tiw7/oQyEXZV+9bD8=
github.com/gogo/protobuf v1.3.2 h1:Ov1cvc58UF3b5XjBnZv7+opcTcQFZebYjWzi34vdm4Q=
github.com/gogo/protobuf v1.3.2/go.mod h1:P1XiOD3dCwIKUDQYPy72D8LYyHL2YPYrpS2s69NZV8Q=
github.com/golang/protobuf v1.5.0/go.mod h1:FsONVRAS9T7sI+LIUmWTfcYkHO4aIWwzhcaSAoJOfIk=
github.com/golang/protobuf v1.5.3 h1:KhyjKVUg7Usr/dYsdSqoFveMYd5ko72D+zANwlG1mmg=
github.com/golang/protobuf v1.5.3/go.mod h1:XVQd3VNwM+JqD3oG2Ue2ip4fOMUkwXdXDdiuN0vRsmY=
github.com/google/cel-go v0.19.0 h1:vVgaZoHPBDd1lXCYGQOh5A06L4EtuIfmqQ/qnSXSKiU=
github.com/google/cel-go v0.19.0/go.mod h1:kWcIzTsPX0zmQ+H3TirHstLLf9ep5QTsZBN9u4dOYLg=
github.com/google/go-cmp v0.5.5/go.mod h1:v8dTdLbMG2kIc/vJvl+f65V22dbkXbowE6jgT/gNBxE=
github.com/google/go-cmp v0.6.0 h1:ofyhxvXcZhMsU5ulbFiLKl/XBFqE1GSq7atu8tAmTRI=
github.com/google/go-cmp v0.6.0/go.mod h1:17dUlkBOakJ0+DkrSSNjCkIjxS6bF9zb3elmeNGIjoY=
github.com/google/go-containerregistry v0.19.0 h1:uIsMRBV7m/HDkDxE/nXMnv1q+lOOSPlQ/ywc5JbB8Ic=
github.com/google/go-containerregistry v0.19.0/go.mod h1:u0qB2l7mvtWVR5kNcbFIhFY1hLbf8eeGapA+vbFDCtQ=
github.com/google/pprof v0.0.0-20211214055906-6f57359322fd/go.mod h1:KgnwoLYCZ8IQu3XUZ8Nc/bM9CCZFOyjUNOSygVozoDg=
github.com/google/pprof v0.0.0-20240207164012-fb44976bdcd5 h1:E/LAvt58di64hlYjx7AsNS6C/ysHWYo+2qPCZKTQhRo=
github.com/google/pprof v0.0.0-20240207164012-fb44976bdcd5/go.mod h1:czg5+yv1E0ZGTi6S6vVK1mke0fV+FaUhNGcd6VRS9Ik=
github.com/grpc-ecosystem/grpc-gateway/v2 v2.19.0 h1:Wqo399gCIufwto+VfwCSvsnfGpF/w5E9CNxSwbpD6No=
github.com/ianlancetaylor/demangle v0.0.0-20210905161508-09a460cdf81d/go.mod h1:aYm2/VgdVmcIU8iMfdMvDMsRAQjcfZSKFby6HOFvi/w=
github.com/inconshreveable/mousetrap v1.1.0 h1:wN+x4NVGpMsO7ErUn/mUI3vEoE6Jt13X2s0bqwp9tc8=
github.com/inconshreveable/mousetrap v1.1.0/go.mod h1:vpF70FUmC8bwa3OWnCshd2FqLfsEA9PFc4w1p2J65bw=
github.com/jdx/go-netrc v1.0.0 h1:QbLMLyCZGj0NA8glAhxUpf1zDg6cxnWgMBbjq40W0gQ=
github.com/jdx/go-netrc v1.0.0/go.mod h1:Gh9eFQJnoTNIRHXl2j5bJXA1u84hQWJWgGh569zF3v8=
github.com/jhump/protoreflect v1.15.6 h1:WMYJbw2Wo+KOWwZFvgY0jMoVHM6i4XIvRs2RcBj5VmI=
github.com/jhump/protoreflect v1.15.6/go.mod h1:jCHoyYQIJnaabEYnbGwyo9hUqfyUMTbJw/tAut5t97E=
github.com/kisielk/errcheck v1.5.0/go.mod h1:pFxgyoBC7bSaBwPgfKdkLd5X25qrDl4LWUI2bnpBCr8=
github.com/kisielk/gotool v1.0.0/go.mod h1:XhKaO+MFFWcvkIS/tQcRk01m1F5IRFswLeQ+oQHNcck=
github.com/klauspost/compress v1.17.6 h1:60eq2E/jlfwQXtvZEeBUYADs+BwKBWURIY+Gj2eRGjI=
github.com/klauspost/compress v1.17.6/go.mod h1:/dCuZOvVtNoHsyb+cuJD3itjs3NbnF6KH9zAO4BDxPM=
github.com/klauspost/pgzip v1.2.6 h1:8RXeL5crjEUFnR2/Sn6GJNWtSQ3Dk8pq4CL3jvdDyjU=
github.com/klauspost/pgzip v1.2.6/go.mod h1:Ch1tH69qFZu15pkjo5kYi6mth2Zzwzt50oCQKQE9RUs=
github.com/kr/pretty v0.2.1 h1:Fmg33tUaq4/8ym9TJN1x7sLJnHVwhP33CNkpYV/7rwI=
github.com/kr/text v0.2.0 h1:5Nx0Ya0ZqY2ygV366QzturHI13Jq95ApcVaJBhpS+AY=
github.com/mitchellh/go-homedir v1.1.0 h1:lukF9ziXFxDFPkA1vsr5zpc1XuPDn/wFntq5mG+4E0Y=
github.com/mitchellh/go-homedir v1.1.0/go.mod h1:SfyaCUpYCn1Vlf4IUYiD9fPX4A5wJrkLzIz1N1q0pr0=
github.com/moby/term v0.5.0 h1:xt8Q1nalod/v7BqbG21f8mQPqH+xAaC9C3N3wfWbVP0=
github.com/moby/term v0.5.0/go.mod h1:8FzsFHVUBGZdbDsJw/ot+X+d5HLUbvklYLJ9uGfcI3Y=
github.com/morikuni/aec v1.0.0 h1:nP9CBfwrvYnBRgY6qfDQkygYDmYwOilePFkwzv4dU8A=
github.com/morikuni/aec v1.0.0/go.mod h1:BbKIizmSmc5MMPqRYbxO4ZU0S0+P200+tUnFx7PXmsc=
github.com/opencontainers/go-digest v1.0.0 h1:apOUWs51W5PlhuyGyz9FCeeBIOUDA/6nW8Oi/yOhh5U=
github.com/opencontainers/go-digest v1.0.0/go.mod h1:0JzlMkj0TRzQZfJkVvzbP0HBR3IKzErnv2BNG4W4MAM=
github.com/opencontainers/image-spec v1.1.0-rc6 h1:XDqvyKsJEbRtATzkgItUqBA7QHk58yxX1Ov9HERHNqU=
github.com/opencontainers/image-spec v1.1.0-rc6/go.mod h1:W4s4sFTMaBeK1BQLXbG4AdM2szdn85PY75RI83NrTrM=
github.com/pkg/browser v0.0.0-20240102092130-5ac0b6a4141c h1:+mdjkGKdHQG3305AYmdv1U2eRNDiU2ErMBj1gwrq8eQ=
github.com/pkg/browser v0.0.0-20240102092130-5ac0b6a4141c/go.mod h1:7rwL4CYBLnjLxUqIJNnCWiEdr3bn6IUYi15bNlnbCCU=
github.com/pkg/errors v0.9.1 h1:FEBLx1zS214owpjy7qsBeixbURkuhQAwrK5UwLGTwt4=
github.com/pkg/errors v0.9.1/go.mod h1:bwawxfHBFNV+L2hUp1rHADufV3IMtnDRdf1r5NINEl0=
github.com/pkg/profile v1.7.0 h1:hnbDkaNWPCLMO9wGLdBFTIZvzDrDfBM2072E1S9gJkA=
github.com/pkg/profile v1.7.0/go.mod h1:8Uer0jas47ZQMJ7VD+OHknK4YDY07LPUC6dEvqDjvNo=
github.com/pmezard/go-difflib v1.0.0 h1:4DBwDE0NGyQoBHbLQYPwSUPoCMWR5BEzIk/f1lZbAQM=
github.com/pmezard/go-difflib v1.0.0/go.mod h1:iKH77koFhYxTK1pcRnkKkqfTogsbg7gZNVY4sRDYZ/4=
github.com/rs/cors v1.10.1 h1:L0uuZVXIKlI1SShY2nhFfo44TYvDPQ1w4oFkUJNfhyo=
github.com/rs/cors v1.10.1/go.mod h1:XyqrcTp5zjWr1wsJ8PIRZssZ8b/WMcMf71DJnit4EMU=
github.com/russross/blackfriday/v2 v2.1.0 h1:JIOH55/0cWyOuilr9/qlrm0BSXldqnqwMsf35Ld67mk=
github.com/russross/blackfriday/v2 v2.1.0/go.mod h1:+Rmxgy9KzJVeS9/2gXHxylqXiyQDYRxCVz55jmeOWTM=
github.com/sirupsen/logrus v1.9.3 h1:dueUQJ1C2q9oE3F7wvmSGAaVtTmUizReu6fjN8uqzbQ=
github.com/sirupsen/logrus v1.9.3/go.mod h1:naHLuLoDiP4jHNo9R0sCBMtWGeIprob74mVsIT4qYEQ=
github.com/spf13/cobra v1.8.0 h1:7aJaZx1B85qltLMc546zn58BxxfZdR/W22ej9CFoEf0=
github.com/spf13/cobra v1.8.0/go.mod h1:WXLWApfZ71AjXPya3WOlMsY9yMs7YeiHhFVlvLyhcho=
github.com/spf13/pflag v1.0.5 h1:iy+VFUOCP1a+8yFto/drg2CJ5u0yRoB7fZw3DKv/JXA=
github.com/spf13/pflag v1.0.5/go.mod h1:McXfInJRrz4CZXVZOBLb0bTZqETkiAhM9Iw0y3An2Bg=
github.com/stoewer/go-strcase v1.3.0 h1:g0eASXYtp+yvN9fK8sH94oCIk0fau9uV1/ZdJ0AVEzs=
github.com/stoewer/go-strcase v1.3.0/go.mod h1:fAH5hQ5pehh+j3nZfvwdk2RgEgQjAoM8wodgtPmh1xo=
github.com/stretchr/objx v0.1.0/go.mod h1:HFkY916IF+rwdDfMAkV7OtwuqBVzrE8GR6GFx+wExME=
github.com/stretchr/objx v0.4.0/go.mod h1:YvHI0jy2hoMjB+UWwv71VJQ9isScKT/TqJzVSSt89Yw=
github.com/stretchr/objx v0.5.0/go.mod h1:Yh+to48EsGEfYuaHDzXPcE3xhTkx73EhmCGUpEOglKo=
github.com/stretchr/testify v1.7.0/go.mod h1:6Fq8oRcR53rry900zMqJjRRixrwX3KX962/h/Wwjteg=
github.com/stretchr/testify v1.7.1/go.mod h1:6Fq8oRcR53rry900zMqJjRRixrwX3KX962/h/Wwjteg=
github.com/stretchr/testify v1.8.0/go.mod h1:yNjHg4UonilssWZ8iaSj1OCr/vHnekPRkoO+kdMU+MU=
github.com/stretchr/testify v1.8.1/go.mod h1:w2LPCIKwWwSfY2zedu0+kehJoqGctiVI29o6fzry7u4=
github.com/stretchr/testify v1.8.4 h1:CcVxjf3Q8PM0mHUKJCdn+eZZtm5yQwehR5yeSVQQcUk=
github.com/stretchr/testify v1.8.4/go.mod h1:sz/lmYIOXD/1dqDmKjjqLyZ2RngseejIcXlSw2iwfAo=
github.com/tetratelabs/wazero v1.6.0 h1:z0H1iikCdP8t+q341xqepY4EWvHEw8Es7tlqiVzlP3g=
github.com/tetratelabs/wazero v1.6.0/go.mod h1:0U0G41+ochRKoPKCJlh0jMg1CHkyfK8kDqiirMmKY8A=
github.com/vbatts/tar-split v0.11.5 h1:3bHCTIheBm1qFTcgh9oPu+nNBtX+XJIupG/vacinCts=
github.com/vbatts/tar-split v0.11.5/go.mod h1:yZbwRsSeGjusneWgA781EKej9HF8vme8okylkAeNKLk=
github.com/yuin/goldmark v1.1.27/go.mod h1:3hX8gzYuyVAZsxl0MRgGTJEmQBFcNTphYh9decYSb74=
github.com/yuin/goldmark v1.2.1/go.mod h1:3hX8gzYuyVAZsxl0MRgGTJEmQBFcNTphYh9decYSb74=
go.opentelemetry.io/contrib/instrumentation/net/http/otelhttp v0.48.0 h1:doUP+ExOpH3spVTLS0FcWGLnQrPct/hD/bCPbDRUEAU=
go.opentelemetry.io/contrib/instrumentation/net/http/otelhttp v0.48.0/go.mod h1:rdENBZMT2OE6Ne/KLwpiXudnAsbdrdBaqBvTN8M8BgA=
go.opentelemetry.io/otel v1.23.1 h1:Za4UzOqJYS+MUczKI320AtqZHZb7EqxO00jAHE0jmQY=
go.opentelemetry.io/otel v1.23.1/go.mod h1:Td0134eafDLcTS4y+zQ26GE8u3dEuRBiBCTUIRHaikA=
go.opentelemetry.io/otel/exporters/otlp/otlptrace v1.23.0 h1:D/cXD+03/UOphyyT87NX6h+DlU+BnplN6/P6KJwsgGc=
go.opentelemetry.io/otel/exporters/otlp/otlptrace/otlptracehttp v1.23.0 h1:cZXHUQvCx7YMdjGu0AlmoArUz7NZ7K6WWsT4cjSkzc0=
go.opentelemetry.io/otel/exporters/otlp/otlptrace/otlptracehttp v1.23.0/go.mod h1:OHlshrAeSV9uiVQs1n+c0FVCyo8L0NrYzVf5GuLllRo=
go.opentelemetry.io/otel/metric v1.23.1 h1:PQJmqJ9u2QaJLBOELl1cxIdPcpbwzbkjfEyelTl2rlo=
go.opentelemetry.io/otel/metric v1.23.1/go.mod h1:mpG2QPlAfnK8yNhNJAxDZruU9Y1/HubbC+KyH8FaCWI=
go.opentelemetry.io/otel/sdk v1.23.1 h1:O7JmZw0h76if63LQdsBMKQDWNb5oEcOThG9IrxscV+E=
go.opentelemetry.io/otel/sdk v1.23.1/go.mod h1:LzdEVR5am1uKOOwfBWFef2DCi1nu3SA8XQxx2IerWFk=
go.opentelemetry.io/otel/sdk/metric v1.19.0 h1:EJoTO5qysMsYCa+w4UghwFV/ptQgqSL/8Ni+hx+8i1k=
go.opentelemetry.io/otel/trace v1.23.1 h1:4LrmmEd8AU2rFvU1zegmvqW7+kWarxtNOPyeL6HmYY8=
go.opentelemetry.io/otel/trace v1.23.1/go.mod h1:4IpnpJFwr1mo/6HL8XIPJaE9y0+u1KcVmuW7dwFSVrI=
go.opentelemetry.io/proto/otlp v1.1.0 h1:2Di21piLrCqJ3U3eXGCTPHE9R8Nh+0uglSnOyxikMeI=
go.uber.org/atomic v1.11.0 h1:ZvwS0R+56ePWxUNi+Atn9dWONBPp/AUETXlHW0DxSjE=
go.uber.org/atomic v1.11.0/go.mod h1:LUxbIzbOniOlMKjJjyPfpl4v+PKK2cNJn91OQbhoJI0=
go.uber.org/goleak v1.2.0 h1:xqgm/S+aQvhWFTtR0XK3Jvg7z8kGV8P4X14IzwN3Eqk=
go.uber.org/multierr v1.11.0 h1:blXXJkSxSSfBVBlC76pxqeO+LN3aDfLQo+309xJstO0=
go.uber.org/multierr v1.11.0/go.mod h1:20+QtiLqy0Nd6FdQB9TLXag12DsQkrbs3htMFfDN80Y=
go.uber.org/zap v1.26.0 h1:sI7k6L95XOKS281NhVKOFCUNIvv9e0w4BF8N3u+tCRo=
go.uber.org/zap v1.26.0/go.mod h1:dtElttAiwGvoJ/vj4IwHBS/gXsEu/pZ50mUIRWuG0so=
golang.org/x/crypto v0.0.0-20190308221718-c2843e01d9a2/go.mod h1:djNgcEr1/C05ACkg1iLfiJU5Ep61QUkGW8qpdssI0+w=
golang.org/x/crypto v0.0.0-20191011191535-87dc89f01550/go.mod h1:yigFU9vqHzYiE8UmvKecakEJjdnWj3jj499lnFckfCI=
golang.org/x/crypto v0.0.0-20200622213623-75b288015ac9/go.mod h1:LzIPMQfyMNhhGPhUkYOs5KpL4U8rLKemX1yGLhDgUto=
golang.org/x/crypto v0.18.0 h1:PGVlW0xEltQnzFZ55hkuX5+KLyrMYhHld1YHO4AKcdc=
golang.org/x/crypto v0.18.0/go.mod h1:R0j02AL6hcrfOiy9T4ZYp/rcWeMxM3L6QYxlOuEG1mg=
golang.org/x/exp v0.0.0-20240205201215-2c58cdc269a3 h1:/RIbNt/Zr7rVhIkQhooTxCxFcdWLGIKnZA4IXNFSrvo=
golang.org/x/exp v0.0.0-20240205201215-2c58cdc269a3/go.mod h1:idGWGoKP1toJGkd5/ig9ZLuPcZBC3ewk7SzmH0uou08=
golang.org/x/mod v0.2.0/go.mod h1:s0Qsj1ACt9ePp/hMypM3fl4fZqREWJwdYDEqhRiZZUA=
golang.org/x/mod v0.3.0/go.mod h1:s0Qsj1ACt9ePp/hMypM3fl4fZqREWJwdYDEqhRiZZUA=
golang.org/x/mod v0.15.0 h1:SernR4v+D55NyBH2QiEQrlBAnj1ECL6AGrA5+dPaMY8=
golang.org/x/mod v0.15.0/go.mod h1:hTbmBsO62+eylJbnUtE2MGJUyE7QWk4xUqPFrRgJ+7c=
golang.org/x/net v0.0.0-20190404232315-eb5bcb51f2a3/go.mod h1:t9HGtf8HONx5eT2rtn7q6eTqICYqUVnKs3thJo3Qplg=
golang.org/x/net v0.0.0-20190620200207-3b0461eec859/go.mod h1:z5CRVTTTmAJ677TzLLGU+0bjPO0LkuOLi4/5GtJWs/s=
golang.org/x/net v0.0.0-20200226121028-0de0cce0169b/go.mod h1:z5CRVTTTmAJ677TzLLGU+0bjPO0LkuOLi4/5GtJWs/s=
golang.org/x/net v0.0.0-20201021035429-f5854403a974/go.mod h1:sp8m0HH+o8qH0wwXwYZr8TS3Oi6o0r6Gce1SSxlDquU=
golang.org/x/net v0.20.0 h1:aCL9BSgETF1k+blQaYUBx9hJ9LOGP3gAVemcZlf1Kpo=
golang.org/x/net v0.20.0/go.mod h1:z8BVo6PvndSri0LbOE3hAn0apkU+1YvI6E70E9jsnvY=
golang.org/x/sync v0.0.0-20190423024810-112230192c58/go.mod h1:RxMgew5VJxzue5/jJTE5uejpjVlOe/izrB70Jof72aM=
golang.org/x/sync v0.0.0-20190911185100-cd5d95a43a6e/go.mod h1:RxMgew5VJxzue5/jJTE5uejpjVlOe/izrB70Jof72aM=
golang.org/x/sync v0.0.0-20201020160332-67f06af15bc9/go.mod h1:RxMgew5VJxzue5/jJTE5uejpjVlOe/izrB70Jof72aM=
golang.org/x/sync v0.6.0 h1:5BMeUDZ7vkXGfEr1x9B4bRcTH4lpkTkpdh0T/J+qjbQ=
golang.org/x/sync v0.6.0/go.mod h1:Czt+wKu1gCyEFDUtn0jG5QVvpJ6rzVqr5aXyt9drQfk=
golang.org/x/sys v0.0.0-20190215142949-d0b11bdaac8a/go.mod h1:STP8DvDyc/dI5b8T5hshtkjS+E42TnysNCUPdjciGhY=
golang.org/x/sys v0.0.0-20190412213103-97732733099d/go.mod h1:h1NjWce9XRLGQEsW7wpKNCjG9DtNlClVuFLEZdDNbEs=
golang.org/x/sys v0.0.0-20200930185726-fdedc70b468f/go.mod h1:h1NjWce9XRLGQEsW7wpKNCjG9DtNlClVuFLEZdDNbEs=
golang.org/x/sys v0.0.0-20210616094352-59db8d763f22/go.mod h1:oPkhp1MJrh7nUepCBck5+mAzfO9JrbApNNgaTdGDITg=
golang.org/x/sys v0.0.0-20211007075335-d3039528d8ac/go.mod h1:oPkhp1MJrh7nUepCBck5+mAzfO9JrbApNNgaTdGDITg=
golang.org/x/sys v0.0.0-20220715151400-c0bba94af5f8/go.mod h1:oPkhp1MJrh7nUepCBck5+mAzfO9JrbApNNgaTdGDITg=
golang.org/x/sys v0.1.0/go.mod h1:oPkhp1MJrh7nUepCBck5+mAzfO9JrbApNNgaTdGDITg=
golang.org/x/sys v0.17.0 h1:25cE3gD+tdBA7lp7QfhuV+rJiE9YXTcS3VG1SqssI/Y=
golang.org/x/sys v0.17.0/go.mod h1:/VUhepiaJMQUp4+oa/7Zr1D23ma6VTLIYjOOTFZPUcA=
golang.org/x/term v0.16.0 h1:m+B6fahuftsE9qjo0VWp2FW0mB3MTJvR0BaMQrq0pmE=
golang.org/x/term v0.16.0/go.mod h1:yn7UURbUtPyrVJPGPq404EukNFxcm/foM+bV/bfcDsY=
golang.org/x/text v0.3.0/go.mod h1:NqM8EUOU14njkJ3fqMW+pc6Ldnwhi/IjpwHt7yyuwOQ=
golang.org/x/text v0.3.3/go.mod h1:5Zoc/QRtKVWzQhOtBMvqHzDpF6irO9z98xDceosuGiQ=
golang.org/x/text v0.14.0 h1:ScX5w1eTa3QqT8oi6+ziP7dTV1S2+ALU0bI+0zXKWiQ=
golang.org/x/text v0.14.0/go.mod h1:18ZOQIKpY8NJVqYksKHtTdi31H5itFRjB5/qKTNYzSU=
golang.org/x/time v0.0.0-20210723032227-1f47c861a9ac h1:7zkz7BUtwNFFqcowJ+RIgu2MaV/MapERkDIy+mwPyjs=
golang.org/x/tools v0.0.0-20180917221912-90fa682c2a6e/go.mod h1:n7NCudcB/nEzxVGmLbDWY5pfWTLqBcC2KZ6jyYvM4mQ=
golang.org/x/tools v0.0.0-20191119224855-298f0cb1881e/go.mod h1:b+2E5dAYhXwXZwtnZ6UAqBI28+e2cm9otk0dWdXHAEo=
golang.org/x/tools v0.0.0-20200619180055-7c47624df98f/go.mod h1:EkVYQZoAsY45+roYkvgYkIh4xh/qjgUK9TdY2XT94GE=
golang.org/x/tools v0.0.0-20210106214847-113979e3529a/go.mod h1:emZCQorbCU4vsT4fOWvOPXz4eW1wZW4PmDk9uLelYpA=
golang.org/x/tools v0.17.0 h1:FvmRgNOcs3kOa+T20R1uhfP9F6HgG2mfxDv1vrx1Htc=
golang.org/x/tools v0.17.0/go.mod h1:xsh6VxdV005rRVaS6SSAf9oiAqljS7UZUacMZ8Bnsps=
golang.org/x/xerrors v0.0.0-20190717185122-a985d3407aa7/go.mod h1:I/5z698sn9Ka8TeJc9MKroUUfqBBauWjQqLJ2OPfmY0=
golang.org/x/xerrors v0.0.0-20191011141410-1b5146add898/go.mod h1:I/5z698sn9Ka8TeJc9MKroUUfqBBauWjQqLJ2OPfmY0=
golang.org/x/xerrors v0.0.0-20191204190536-9bdfabe68543/go.mod h1:I/5z698sn9Ka8TeJc9MKroUUfqBBauWjQqLJ2OPfmY0=
golang.org/x/xerrors v0.0.0-20200804184101-5ec99f83aff1/go.mod h1:I/5z698sn9Ka8TeJc9MKroUUfqBBauWjQqLJ2OPfmY0=
google.golang.org/genproto/googleapis/api v0.0.0-20240205150955-31a09d347014 h1:x9PwdEgd11LgK+orcck69WVRo7DezSO4VUMPI4xpc8A=
google.golang.org/genproto/googleapis/api v0.0.0-20240205150955-31a09d347014/go.mod h1:rbHMSEDyoYX62nRVLOCc4Qt1HbsdytAYoVwgjiOhF3I=
google.golang.org/genproto/googleapis/rpc v0.0.0-20240205150955-31a09d347014 h1:FSL3lRCkhaPFxqi0s9o+V4UI2WTzAVOvkgbd4kVV4Wg=
google.golang.org/genproto/googleapis/rpc v0.0.0-20240205150955-31a09d347014/go.mod h1:SaPjaZGWb0lPqs6Ittu0spdfrOArqji4ZdeP5IC/9N4=
google.golang.org/grpc v1.61.0 h1:TOvOcuXn30kRao+gfcvsebNEa5iZIiLkisYEkf7R7o0=
google.golang.org/protobuf v1.26.0-rc.1/go.mod h1:jlhhOSvTdKEhbULTjvd4ARK9grFBp09yW+WbY/TyQbw=
google.golang.org/protobuf v1.26.0/go.mod h1:9q0QmTI4eRPtz6boOQmLYwt+qCgq0jsYwAQnmE0givc=
google.golang.org/protobuf v1.32.0/go.mod h1:c6P6GXX6sHbq/GpV6MGZEdwhWPcYBgnhAHhKbcUYpos=
google.golang.org/protobuf v1.32.1-0.20240201194910-82c6b3ad29a1 h1:yBEuAb1JVsln3dc0nWGi1my/Aw66AhuznQ1rosGcJkc=
google.golang.org/protobuf v1.32.1-0.20240201194910-82c6b3ad29a1/go.mod h1:c6P6GXX6sHbq/GpV6MGZEdwhWPcYBgnhAHhKbcUYpos=
gopkg.in/check.v1 v0.0.0-20161208181325-20d25e280405/go.mod h1:Co6ibVJAznAaIkqp8huTwlJQCZ016jof/cbN4VW5Yz0=
gopkg.in/check.v1 v1.0.0-20201130134442-10cb98267c6c h1:Hei/4ADfdWqJk1ZMxUNpqntNwaWcugrBjAiHlqqRiVk=
gopkg.in/yaml.v3 v3.0.0-20200313102051-9f266ea9e77c/go.mod h1:K4uyk7z7BCEPqu6E+C64Yfv1cQ7kz7rIZviUmN+EgEM=
gopkg.in/yaml.v3 v3.0.1 h1:fxVm/GzAzEWqLHuvctI91KS9hhNmmWOoWu0XTYJS7CA=
gopkg.in/yaml.v3 v3.0.1/go.mod h1:K4uyk7z7BCEPqu6E+C64Yfv1cQ7kz7rIZviUmN+EgEM=
gotest.tools/v3 v3.0.3 h1:4AuOwCGf4lLR9u3YOe2awrHygurzhO/HeQ6laiA6Sx0=
