# Generated by buf. DO NOT EDIT.
version: v1
deps:
  - remote: buf.build
    owner: bufbuild
    repository: protovalidate
    commit: e097f827e65240ac9fd4b1158849a8fc
    digest: shake256:2ee5f629ecfdd662302e94689b8f0459266353582f0643cda98c427fec16c5121af61dfffc62f1e3451b8e7f0c9b1016bf3898bcd80a24db1f1d0c6e9ae54863
