# Generated by buf. DO NOT EDIT.
version: v1
deps:
  - remote: buf.build
    owner: bufbuild
    repository: protovalidate
    commit: e097f827e65240ac9fd4b1158849a8fc
    digest: shake256:f19252436fd9ded945631e2ffaaed28247a92c9015ccf55ae99db9fb3d9600c4fdb00fd2d3bd7701026ec2fd4715c5129e6ae517c25a59ba690020cfe80bf8ad
