# Generated by buf. DO NOT EDIT.
version: v2
deps:
  - name: bufbuild/test/bufbot/people
    digest: shake256:b22338d6faf2a727613841d760c9cbfd21af6950621a589df329e1fe6611125904c39e22a73e0aa8834006a514dbd084e6c33b6bef29c8e4835b4b9dec631465
  - name: bufbuild/test/bufbot/students
    digest: shake256:1d21cbbba4b739bd11c3a928172680cbe2e5e27c0ca272bb510b08f660518819b015c6fa7aeee3ad74fdb748cc1c8eacb43aa0c502e7c33863526ee8bd5c6be6
