# Generated by buf. DO NOT EDIT.
version: v1
deps:
  - remote: bufbuild.test
    owner: workspace
    repository: second
    commit: 69f147a9d686496dbbfcdd30ffda9d20
    digest: shake256:7f424416ce379930da892e3fe4903b1ef1bb174a805cea0b7e4bbf91ac222277a0ee2e83b0f7886ccd8e03cd619f96bea7fe350966bea25d848eb82298cba752
