# Generated by buf. DO NOT EDIT.
version: v1
deps:
  - remote: bufbuild.test
    owner: bufbot
    repository: people
    commit: 00000000000000000000000000000001
    digest: shake256:8773260e3e849a8ffdd965fe2e1218717fed795e1b16cfb7ae13a8511d25376c667227199062b1947f8af343bfd408b9708cfc232d2df6d026d6e1eeb38de9c8
  - remote: bufbuild.test
    owner: bufbot
    repository: students
    commit: 00000000000000000000000000000002
    digest: shake256:5bb7017a5ab0af7e3e8d796bd97f282464c516b129a9b9157099e3f0ef09cc0d38c8572393b64877caecb40eccd8eb08efb50a42bfb80fe3a9b9be29cd61897c
