# Generated by buf. DO NOT EDIT.
version: v1
deps:
  - remote: buf.build
    owner: protocolbuffers
    repository: wellknowntypes
    commit: 11912caccc894a0e8bfa509e433b10c0
    digest: shake256:c14a5a03f8db59c57b701c95f6e524b42f3f3be251e60ccf4108d91c068a5c31b123ec402e62f8171734a663a8c8a940a1ec48c09448c88033112b45f5ae4c7f
