# Generated by buf. DO NOT EDIT.
version: v1
deps:
  - remote: buf.build
    owner: bufbuild
    repository: protovalidate
    commit: 12f9cba37c9d49eeb6827dde227d6031
    digest: shake256:a9470135a1736bdb74396e35342b4431b0bf3a5e7a2198fb77f49be46af744aae134f8e0593683216e836f1f0a551ccf86a9f8857c6829b8d33f4b604602a5ff
