# Generated by buf. DO NOT EDIT.
version: v2
deps:
  - name: buf.build/bufbuild/protovalidate
    commit: 00000000000000000000000000000001
    digest: b5:00000000000000000000000000000000000000000000000000000000000000000000000000000000000000000000000000000000000000000000000000000000
  - name: buf.build/googleapis/googleapis
    commit: 00000000000000000000000000000002
    digest: b5:00000000000000000000000000000000000000000000000000000000000000000000000000000000000000000000000000000000000000000000000000000000
